
Microsoft Visual Studio Solution File, Format Version 12.00
# Visual Studio Version 17
VisualStudioVersion = 17.3.32922.545
MinimumVisualStudioVersion = 10.0.40219.1
Project("{8BC9CEB8-8B4A-11D0-8D11-00A0C91BC942}") = "ZombieArena", "ZombieArena.vcxproj", "{B0E6BA03-E905-41E3-AE8A-48BA70F6FF1F}"
EndProject
Global
	GlobalSection(SolutionConfigurationPlatforms) = preSolution
		Debug|x64 = Debug|x64
		Debug|x86 = Debug|x86
		Release|x64 = Release|x64
		Release|x86 = Release|x86
	EndGlobalSection
	GlobalSection(ProjectConfigurationPlatforms) = postSolution
		{B0E6BA03-E905-41E3-AE8A-48BA70F6FF1F}.Debug|x64.ActiveCfg = Debug|x64
		{B0E6BA03-E905-41E3-AE8A-48BA70F6FF1F}.Debug|x64.Build.0 = Debug|x64
		{B0E6BA03-E905-41E3-AE8A-48BA70F6FF1F}.Debug|x86.ActiveCfg = Debug|Win32
		{B0E6BA03-E905-41E3-AE8A-48BA70F6FF1F}.Debug|x86.Build.0 = Debug|Win32
		{B0E6BA03-E905-41E3-AE8A-48BA70F6FF1F}.Release|x64.ActiveCfg = Release|x64
		{B0E6BA03-E905-41E3-AE8A-48BA70F6FF1F}.Release|x64.Build.0 = Release|x64
		{B0E6BA03-E905-41E3-AE8A-48BA70F6FF1F}.Release|x86.ActiveCfg = Release|Win32
		{B0E6BA03-E905-41E3-AE8A-48BA70F6FF1F}.Release|x86.Build.0 = Release|Win32
	EndGlobalSection
	GlobalSection(SolutionProperties) = preSolution
		HideSolutionNode = FALSE
	EndGlobalSection
	GlobalSection(ExtensibilityGlobals) = postSolution
		SolutionGuid = {0B4C2C49-5524-4DEA-B004-B7FAAE1E4BB2}
	EndGlobalSection
EndGlobal
